
Microsoft Visual Studio Solution File, Format Version 12.00
# Visual Studio Version 17
VisualStudioVersion = 17.14.36518.9
MinimumVisualStudioVersion = 10.0.40219.1
Project("{FAE04EC0-301F-11D3-BF4B-00C04F79EFBC}") = "HackSonHW", "HackSonHW\HackSonHW.csproj", "{BB2D9670-1A11-439A-B2E2-A7FECC3ACA1E}"
EndProject
Project("{FAE04EC0-301F-11D3-BF4B-00C04F79EFBC}") = "HackSonHW002", "HackSonHW002\HackSonHW002.csproj", "{5DADA988-CD17-4098-A43E-C60B22607367}"
EndProject
Project("{FAE04EC0-301F-11D3-BF4B-00C04F79EFBC}") = "HackSonHW003", "HackSonHW003\HackSonHW003.csproj", "{B518FDFA-B48E-45D1-B4FB-E36350C76276}"
EndProject
Project("{FAE04EC0-301F-11D3-BF4B-00C04F79EFBC}") = "HackSonHW004", "HackSonHW004\HackSonHW004.csproj", "{8C9E7761-2BF8-4B5C-A8A7-2533DFFF1B8B}"
EndProject
Project("{FAE04EC0-301F-11D3-BF4B-00C04F79EFBC}") = "HackSonHW005", "HackSonHW005\HackSonHW005.csproj", "{55FAB022-D596-4D10-A65F-B2F32CF5B57E}"
EndProject
Project("{FAE04EC0-301F-11D3-BF4B-00C04F79EFBC}") = "HackSonHW006", "HackSonHW006\HackSonHW006.csproj", "{C98C1828-C5B9-4A92-96D9-F005958076A9}"
EndProject
Global
	GlobalSection(SolutionConfigurationPlatforms) = preSolution
		Debug|Any CPU = Debug|Any CPU
		Release|Any CPU = Release|Any CPU
	EndGlobalSection
	GlobalSection(ProjectConfigurationPlatforms) = postSolution
		{BB2D9670-1A11-439A-B2E2-A7FECC3ACA1E}.Debug|Any CPU.ActiveCfg = Debug|Any CPU
		{BB2D9670-1A11-439A-B2E2-A7FECC3ACA1E}.Debug|Any CPU.Build.0 = Debug|Any CPU
		{BB2D9670-1A11-439A-B2E2-A7FECC3ACA1E}.Release|Any CPU.ActiveCfg = Release|Any CPU
		{BB2D9670-1A11-439A-B2E2-A7FECC3ACA1E}.Release|Any CPU.Build.0 = Release|Any CPU
		{5DADA988-CD17-4098-A43E-C60B22607367}.Debug|Any CPU.ActiveCfg = Debug|Any CPU
		{5DADA988-CD17-4098-A43E-C60B22607367}.Debug|Any CPU.Build.0 = Debug|Any CPU
		{5DADA988-CD17-4098-A43E-C60B22607367}.Release|Any CPU.ActiveCfg = Release|Any CPU
		{5DADA988-CD17-4098-A43E-C60B22607367}.Release|Any CPU.Build.0 = Release|Any CPU
		{B518FDFA-B48E-45D1-B4FB-E36350C76276}.Debug|Any CPU.ActiveCfg = Debug|Any CPU
		{B518FDFA-B48E-45D1-B4FB-E36350C76276}.Debug|Any CPU.Build.0 = Debug|Any CPU
		{B518FDFA-B48E-45D1-B4FB-E36350C76276}.Release|Any CPU.ActiveCfg = Release|Any CPU
		{B518FDFA-B48E-45D1-B4FB-E36350C76276}.Release|Any CPU.Build.0 = Release|Any CPU
		{8C9E7761-2BF8-4B5C-A8A7-2533DFFF1B8B}.Debug|Any CPU.ActiveCfg = Debug|Any CPU
		{8C9E7761-2BF8-4B5C-A8A7-2533DFFF1B8B}.Debug|Any CPU.Build.0 = Debug|Any CPU
		{8C9E7761-2BF8-4B5C-A8A7-2533DFFF1B8B}.Release|Any CPU.ActiveCfg = Release|Any CPU
		{8C9E7761-2BF8-4B5C-A8A7-2533DFFF1B8B}.Release|Any CPU.Build.0 = Release|Any CPU
		{55FAB022-D596-4D10-A65F-B2F32CF5B57E}.Debug|Any CPU.ActiveCfg = Debug|Any CPU
		{55FAB022-D596-4D10-A65F-B2F32CF5B57E}.Debug|Any CPU.Build.0 = Debug|Any CPU
		{55FAB022-D596-4D10-A65F-B2F32CF5B57E}.Release|Any CPU.ActiveCfg = Release|Any CPU
		{55FAB022-D596-4D10-A65F-B2F32CF5B57E}.Release|Any CPU.Build.0 = Release|Any CPU
		{C98C1828-C5B9-4A92-96D9-F005958076A9}.Debug|Any CPU.ActiveCfg = Debug|Any CPU
		{C98C1828-C5B9-4A92-96D9-F005958076A9}.Debug|Any CPU.Build.0 = Debug|Any CPU
		{C98C1828-C5B9-4A92-96D9-F005958076A9}.Release|Any CPU.ActiveCfg = Release|Any CPU
		{C98C1828-C5B9-4A92-96D9-F005958076A9}.Release|Any CPU.Build.0 = Release|Any CPU
	EndGlobalSection
	GlobalSection(SolutionProperties) = preSolution
		HideSolutionNode = FALSE
	EndGlobalSection
	GlobalSection(ExtensibilityGlobals) = postSolution
		SolutionGuid = {F1A86FD6-B0A7-4DF6-B5C9-22E3298E22F6}
	EndGlobalSection
EndGlobal
